
Microsoft Visual Studio Solution File, Format Version 12.00
# Visual Studio Version 17
VisualStudioVersion = 17.3.32922.545
MinimumVisualStudioVersion = 10.0.40219.1
Project("{FAE04EC0-301F-11D3-BF4B-00C04F79EFBC}") = "YandexBookTranslator", "YandexBookTranslator\YandexBookTranslator.csproj", "{BE1AEBE9-8079-4307-B087-72CF21D6C612}"
EndProject
Project("{2150E333-8FDC-42A3-9474-1A3956D46DE8}") = "Tests", "Tests", "{757C496B-3915-47BB-99B7-76AEB0CCE3D6}"
EndProject
Project("{FAE04EC0-301F-11D3-BF4B-00C04F79EFBC}") = "ConsoleTest", "Tests\ConsoleTest\ConsoleTest.csproj", "{295F66FF-DA88-41D9-B5B3-EAB0A80E4A5F}"
EndProject
Project("{FAE04EC0-301F-11D3-BF4B-00C04F79EFBC}") = "WpfTest", "Tests\WpfTest\WpfTest.csproj", "{AD812906-28A2-4C53-937B-EE1133FBF861}"
EndProject
Global
	GlobalSection(SolutionConfigurationPlatforms) = preSolution
		Debug|Any CPU = Debug|Any CPU
		Release|Any CPU = Release|Any CPU
	EndGlobalSection
	GlobalSection(ProjectConfigurationPlatforms) = postSolution
		{BE1AEBE9-8079-4307-B087-72CF21D6C612}.Debug|Any CPU.ActiveCfg = Debug|Any CPU
		{BE1AEBE9-8079-4307-B087-72CF21D6C612}.Debug|Any CPU.Build.0 = Debug|Any CPU
		{BE1AEBE9-8079-4307-B087-72CF21D6C612}.Release|Any CPU.ActiveCfg = Release|Any CPU
		{BE1AEBE9-8079-4307-B087-72CF21D6C612}.Release|Any CPU.Build.0 = Release|Any CPU
		{295F66FF-DA88-41D9-B5B3-EAB0A80E4A5F}.Debug|Any CPU.ActiveCfg = Debug|Any CPU
		{295F66FF-DA88-41D9-B5B3-EAB0A80E4A5F}.Debug|Any CPU.Build.0 = Debug|Any CPU
		{295F66FF-DA88-41D9-B5B3-EAB0A80E4A5F}.Release|Any CPU.ActiveCfg = Release|Any CPU
		{295F66FF-DA88-41D9-B5B3-EAB0A80E4A5F}.Release|Any CPU.Build.0 = Release|Any CPU
		{AD812906-28A2-4C53-937B-EE1133FBF861}.Debug|Any CPU.ActiveCfg = Debug|Any CPU
		{AD812906-28A2-4C53-937B-EE1133FBF861}.Debug|Any CPU.Build.0 = Debug|Any CPU
		{AD812906-28A2-4C53-937B-EE1133FBF861}.Release|Any CPU.ActiveCfg = Release|Any CPU
		{AD812906-28A2-4C53-937B-EE1133FBF861}.Release|Any CPU.Build.0 = Release|Any CPU
	EndGlobalSection
	GlobalSection(SolutionProperties) = preSolution
		HideSolutionNode = FALSE
	EndGlobalSection
	GlobalSection(NestedProjects) = preSolution
		{295F66FF-DA88-41D9-B5B3-EAB0A80E4A5F} = {757C496B-3915-47BB-99B7-76AEB0CCE3D6}
		{AD812906-28A2-4C53-937B-EE1133FBF861} = {757C496B-3915-47BB-99B7-76AEB0CCE3D6}
	EndGlobalSection
	GlobalSection(ExtensibilityGlobals) = postSolution
		SolutionGuid = {9696D453-5F8C-416A-AC21-2702E19721A9}
	EndGlobalSection
EndGlobal
